
Microsoft Visual Studio Solution File, Format Version 12.00
# Visual Studio Version 17
VisualStudioVersion = 17.7.34024.191
MinimumVisualStudioVersion = 10.0.40219.1
Project("{FAE04EC0-301F-11D3-BF4B-00C04F79EFBC}") = "Odev_1_MelikeYilmaz", "Odev_1_MelikeYilmaz\Odev_1_MelikeYilmaz.csproj", "{1121353D-CB7E-4D8E-95ED-754BB51E5282}"
EndProject
Global
	GlobalSection(SolutionConfigurationPlatforms) = preSolution
		Debug|Any CPU = Debug|Any CPU
		Release|Any CPU = Release|Any CPU
	EndGlobalSection
	GlobalSection(ProjectConfigurationPlatforms) = postSolution
		{1121353D-CB7E-4D8E-95ED-754BB51E5282}.Debug|Any CPU.ActiveCfg = Debug|Any CPU
		{1121353D-CB7E-4D8E-95ED-754BB51E5282}.Debug|Any CPU.Build.0 = Debug|Any CPU
		{1121353D-CB7E-4D8E-95ED-754BB51E5282}.Release|Any CPU.ActiveCfg = Release|Any CPU
		{1121353D-CB7E-4D8E-95ED-754BB51E5282}.Release|Any CPU.Build.0 = Release|Any CPU
	EndGlobalSection
	GlobalSection(SolutionProperties) = preSolution
		HideSolutionNode = FALSE
	EndGlobalSection
	GlobalSection(ExtensibilityGlobals) = postSolution
		SolutionGuid = {539D1C41-621D-4489-B36A-0941BAC25F60}
	EndGlobalSection
EndGlobal
